
Microsoft Visual Studio Solution File, Format Version 12.00
# Visual Studio Version 16
VisualStudioVersion = 16.0.31019.35
MinimumVisualStudioVersion = 10.0.40219.1
Project("{FAE04EC0-301F-11D3-BF4B-00C04F79EFBC}") = "CompositeDesignPattern", "CompositeDesignPattern\CompositeDesignPattern.csproj", "{6F6F243A-E4E3-4BC3-AD6F-B76C3B34E738}"
EndProject
Global
	GlobalSection(SolutionConfigurationPlatforms) = preSolution
		Debug|Any CPU = Debug|Any CPU
		Release|Any CPU = Release|Any CPU
	EndGlobalSection
	GlobalSection(ProjectConfigurationPlatforms) = postSolution
		{6F6F243A-E4E3-4BC3-AD6F-B76C3B34E738}.Debug|Any CPU.ActiveCfg = Debug|Any CPU
		{6F6F243A-E4E3-4BC3-AD6F-B76C3B34E738}.Debug|Any CPU.Build.0 = Debug|Any CPU
		{6F6F243A-E4E3-4BC3-AD6F-B76C3B34E738}.Release|Any CPU.ActiveCfg = Release|Any CPU
		{6F6F243A-E4E3-4BC3-AD6F-B76C3B34E738}.Release|Any CPU.Build.0 = Release|Any CPU
	EndGlobalSection
	GlobalSection(SolutionProperties) = preSolution
		HideSolutionNode = FALSE
	EndGlobalSection
	GlobalSection(ExtensibilityGlobals) = postSolution
		SolutionGuid = {B8B096B5-0528-42BB-9E8F-F5689626BE5D}
	EndGlobalSection
EndGlobal
