
Microsoft Visual Studio Solution File, Format Version 12.00
# Visual Studio Version 16
VisualStudioVersion = 16.0.30907.101
MinimumVisualStudioVersion = 10.0.40219.1
Project("{FAE04EC0-301F-11D3-BF4B-00C04F79EFBC}") = "TemplateDesingPattern", "TemplateDesingPattern\TemplateDesingPattern.csproj", "{D43F5103-6916-45CA-8E69-7FA7BEE9A85A}"
EndProject
Global
	GlobalSection(SolutionConfigurationPlatforms) = preSolution
		Debug|Any CPU = Debug|Any CPU
		Release|Any CPU = Release|Any CPU
	EndGlobalSection
	GlobalSection(ProjectConfigurationPlatforms) = postSolution
		{D43F5103-6916-45CA-8E69-7FA7BEE9A85A}.Debug|Any CPU.ActiveCfg = Debug|Any CPU
		{D43F5103-6916-45CA-8E69-7FA7BEE9A85A}.Debug|Any CPU.Build.0 = Debug|Any CPU
		{D43F5103-6916-45CA-8E69-7FA7BEE9A85A}.Release|Any CPU.ActiveCfg = Release|Any CPU
		{D43F5103-6916-45CA-8E69-7FA7BEE9A85A}.Release|Any CPU.Build.0 = Release|Any CPU
	EndGlobalSection
	GlobalSection(SolutionProperties) = preSolution
		HideSolutionNode = FALSE
	EndGlobalSection
	GlobalSection(ExtensibilityGlobals) = postSolution
		SolutionGuid = {31D7103B-1EE0-4C73-866E-B97149623AFD}
	EndGlobalSection
EndGlobal
