
Microsoft Visual Studio Solution File, Format Version 12.00
# Visual Studio Version 16
VisualStudioVersion = 16.0.30907.101
MinimumVisualStudioVersion = 10.0.40219.1
Project("{FAE04EC0-301F-11D3-BF4B-00C04F79EFBC}") = "CommandDesingPattern", "CommandDesingPattern\CommandDesingPattern.csproj", "{22248E06-9565-455C-B23E-F27492255A43}"
EndProject
Global
	GlobalSection(SolutionConfigurationPlatforms) = preSolution
		Debug|Any CPU = Debug|Any CPU
		Release|Any CPU = Release|Any CPU
	EndGlobalSection
	GlobalSection(ProjectConfigurationPlatforms) = postSolution
		{22248E06-9565-455C-B23E-F27492255A43}.Debug|Any CPU.ActiveCfg = Debug|Any CPU
		{22248E06-9565-455C-B23E-F27492255A43}.Debug|Any CPU.Build.0 = Debug|Any CPU
		{22248E06-9565-455C-B23E-F27492255A43}.Release|Any CPU.ActiveCfg = Release|Any CPU
		{22248E06-9565-455C-B23E-F27492255A43}.Release|Any CPU.Build.0 = Release|Any CPU
	EndGlobalSection
	GlobalSection(SolutionProperties) = preSolution
		HideSolutionNode = FALSE
	EndGlobalSection
	GlobalSection(ExtensibilityGlobals) = postSolution
		SolutionGuid = {F3282F70-9F0D-4BD2-AD83-800A1A8452D3}
	EndGlobalSection
EndGlobal
